
Microsoft Visual Studio Solution File, Format Version 12.00
# Visual Studio Version 17
VisualStudioVersion = 17.5.33424.131
MinimumVisualStudioVersion = 10.0.40219.1
Project("{FAE04EC0-301F-11D3-BF4B-00C04F79EFBC}") = "diamante de letras", "diamante de letras\diamante de letras.csproj", "{72724F37-604B-4A67-95C8-A3157F498021}"
EndProject
Global
	GlobalSection(SolutionConfigurationPlatforms) = preSolution
		Debug|Any CPU = Debug|Any CPU
		Release|Any CPU = Release|Any CPU
	EndGlobalSection
	GlobalSection(ProjectConfigurationPlatforms) = postSolution
		{72724F37-604B-4A67-95C8-A3157F498021}.Debug|Any CPU.ActiveCfg = Debug|Any CPU
		{72724F37-604B-4A67-95C8-A3157F498021}.Debug|Any CPU.Build.0 = Debug|Any CPU
		{72724F37-604B-4A67-95C8-A3157F498021}.Release|Any CPU.ActiveCfg = Release|Any CPU
		{72724F37-604B-4A67-95C8-A3157F498021}.Release|Any CPU.Build.0 = Release|Any CPU
	EndGlobalSection
	GlobalSection(SolutionProperties) = preSolution
		HideSolutionNode = FALSE
	EndGlobalSection
	GlobalSection(ExtensibilityGlobals) = postSolution
		SolutionGuid = {BAD04BAD-B185-4E2A-89AF-D89211B6BC89}
	EndGlobalSection
EndGlobal
